
Microsoft Visual Studio Solution File, Format Version 12.00
# Visual Studio Version 16
VisualStudioVersion = 16.0.32413.511
MinimumVisualStudioVersion = 10.0.40219.1
Project("{2150E333-8FDC-42A3-9474-1A3956D46DE8}") = "Services", "Services", "{41209BD9-B830-4027-AAE4-D7B2BA226397}"
EndProject
Project("{2150E333-8FDC-42A3-9474-1A3956D46DE8}") = "Catalog", "Catalog", "{C298CA64-E06B-497C-A3C2-B65D45E0FA57}"
EndProject
Project("{9A19103F-16F7-4668-BE54-9A1E7A4F7556}") = "Catalog.API", "Services\Catalog\Catalog.API\Catalog.API.csproj", "{F563CB44-C054-4D9C-92F0-E653B2C79925}"
EndProject
Project("{E53339B2-1760-4266-BCC7-CA923CBCF16C}") = "docker-compose", "docker-compose.dcproj", "{A33C6AD3-0E8D-460F-86BD-D1F34496A93A}"
EndProject
Project("{2150E333-8FDC-42A3-9474-1A3956D46DE8}") = "Basket", "Basket", "{34F4BB73-EBBE-4921-A504-B67991646601}"
EndProject
Project("{9A19103F-16F7-4668-BE54-9A1E7A4F7556}") = "Basket.API", "Services\Basket\Basket.API\Basket.API.csproj", "{545D2807-5D58-404D-A63B-C72FCA1E69D3}"
EndProject
Project("{2150E333-8FDC-42A3-9474-1A3956D46DE8}") = "Discount", "Discount", "{AFA6CF8F-53B2-4C0D-A83D-26DF083BB8F1}"
EndProject
Project("{9A19103F-16F7-4668-BE54-9A1E7A4F7556}") = "Discount.API", "Services\Discount\Discount.API\Discount.API.csproj", "{6D3E8E33-711B-418B-97A7-C564CC37191B}"
EndProject
Project("{9A19103F-16F7-4668-BE54-9A1E7A4F7556}") = "Discount.Grpc", "Services\Discount\Discount.Grpc\Discount.Grpc.csproj", "{AF8945B6-F10A-47A6-8B9F-D4135DAB538D}"
EndProject
Project("{2150E333-8FDC-42A3-9474-1A3956D46DE8}") = "Ordering", "Ordering", "{0DD3462C-2EEF-4376-9B3E-7B28E648746F}"
EndProject
Project("{FAE04EC0-301F-11D3-BF4B-00C04F79EFBC}") = "Ordering.API", "Services\Ordering\Ordering.API\Ordering.API.csproj", "{E6EC07FE-09AA-46D0-9707-986B4FC107B2}"
EndProject
Project("{FAE04EC0-301F-11D3-BF4B-00C04F79EFBC}") = "Ordering.Domain", "Services\Ordering\Ordering.Domain\Ordering.Domain.csproj", "{E42CBE77-D527-4FCF-B53E-5533FFA9EB44}"
EndProject
Project("{FAE04EC0-301F-11D3-BF4B-00C04F79EFBC}") = "Ordering.Application", "Services\Ordering\Ordering.Application\Ordering.Application.csproj", "{2F9FBE77-30E5-47D3-9CF1-AD6431E2B6B5}"
EndProject
Project("{FAE04EC0-301F-11D3-BF4B-00C04F79EFBC}") = "Ordering.Infrastructure", "Services\Ordering\Ordering.Infrastructure\Ordering.Infrastructure.csproj", "{AF092FBC-4D6A-41D4-8564-FA3D8877F3CD}"
EndProject
Global
	GlobalSection(SolutionConfigurationPlatforms) = preSolution
		Debug|Any CPU = Debug|Any CPU
		Release|Any CPU = Release|Any CPU
	EndGlobalSection
	GlobalSection(ProjectConfigurationPlatforms) = postSolution
		{F563CB44-C054-4D9C-92F0-E653B2C79925}.Debug|Any CPU.ActiveCfg = Debug|Any CPU
		{F563CB44-C054-4D9C-92F0-E653B2C79925}.Debug|Any CPU.Build.0 = Debug|Any CPU
		{F563CB44-C054-4D9C-92F0-E653B2C79925}.Release|Any CPU.ActiveCfg = Release|Any CPU
		{F563CB44-C054-4D9C-92F0-E653B2C79925}.Release|Any CPU.Build.0 = Release|Any CPU
		{A33C6AD3-0E8D-460F-86BD-D1F34496A93A}.Debug|Any CPU.ActiveCfg = Debug|Any CPU
		{A33C6AD3-0E8D-460F-86BD-D1F34496A93A}.Debug|Any CPU.Build.0 = Debug|Any CPU
		{A33C6AD3-0E8D-460F-86BD-D1F34496A93A}.Release|Any CPU.ActiveCfg = Release|Any CPU
		{A33C6AD3-0E8D-460F-86BD-D1F34496A93A}.Release|Any CPU.Build.0 = Release|Any CPU
		{545D2807-5D58-404D-A63B-C72FCA1E69D3}.Debug|Any CPU.ActiveCfg = Debug|Any CPU
		{545D2807-5D58-404D-A63B-C72FCA1E69D3}.Debug|Any CPU.Build.0 = Debug|Any CPU
		{545D2807-5D58-404D-A63B-C72FCA1E69D3}.Release|Any CPU.ActiveCfg = Release|Any CPU
		{545D2807-5D58-404D-A63B-C72FCA1E69D3}.Release|Any CPU.Build.0 = Release|Any CPU
		{6D3E8E33-711B-418B-97A7-C564CC37191B}.Debug|Any CPU.ActiveCfg = Debug|Any CPU
		{6D3E8E33-711B-418B-97A7-C564CC37191B}.Debug|Any CPU.Build.0 = Debug|Any CPU
		{6D3E8E33-711B-418B-97A7-C564CC37191B}.Release|Any CPU.ActiveCfg = Release|Any CPU
		{6D3E8E33-711B-418B-97A7-C564CC37191B}.Release|Any CPU.Build.0 = Release|Any CPU
		{AF8945B6-F10A-47A6-8B9F-D4135DAB538D}.Debug|Any CPU.ActiveCfg = Debug|Any CPU
		{AF8945B6-F10A-47A6-8B9F-D4135DAB538D}.Debug|Any CPU.Build.0 = Debug|Any CPU
		{AF8945B6-F10A-47A6-8B9F-D4135DAB538D}.Release|Any CPU.ActiveCfg = Release|Any CPU
		{AF8945B6-F10A-47A6-8B9F-D4135DAB538D}.Release|Any CPU.Build.0 = Release|Any CPU
		{E6EC07FE-09AA-46D0-9707-986B4FC107B2}.Debug|Any CPU.ActiveCfg = Debug|Any CPU
		{E6EC07FE-09AA-46D0-9707-986B4FC107B2}.Debug|Any CPU.Build.0 = Debug|Any CPU
		{E6EC07FE-09AA-46D0-9707-986B4FC107B2}.Release|Any CPU.ActiveCfg = Release|Any CPU
		{E6EC07FE-09AA-46D0-9707-986B4FC107B2}.Release|Any CPU.Build.0 = Release|Any CPU
		{E42CBE77-D527-4FCF-B53E-5533FFA9EB44}.Debug|Any CPU.ActiveCfg = Debug|Any CPU
		{E42CBE77-D527-4FCF-B53E-5533FFA9EB44}.Debug|Any CPU.Build.0 = Debug|Any CPU
		{E42CBE77-D527-4FCF-B53E-5533FFA9EB44}.Release|Any CPU.ActiveCfg = Release|Any CPU
		{E42CBE77-D527-4FCF-B53E-5533FFA9EB44}.Release|Any CPU.Build.0 = Release|Any CPU
		{2F9FBE77-30E5-47D3-9CF1-AD6431E2B6B5}.Debug|Any CPU.ActiveCfg = Debug|Any CPU
		{2F9FBE77-30E5-47D3-9CF1-AD6431E2B6B5}.Debug|Any CPU.Build.0 = Debug|Any CPU
		{2F9FBE77-30E5-47D3-9CF1-AD6431E2B6B5}.Release|Any CPU.ActiveCfg = Release|Any CPU
		{2F9FBE77-30E5-47D3-9CF1-AD6431E2B6B5}.Release|Any CPU.Build.0 = Release|Any CPU
		{AF092FBC-4D6A-41D4-8564-FA3D8877F3CD}.Debug|Any CPU.ActiveCfg = Debug|Any CPU
		{AF092FBC-4D6A-41D4-8564-FA3D8877F3CD}.Debug|Any CPU.Build.0 = Debug|Any CPU
		{AF092FBC-4D6A-41D4-8564-FA3D8877F3CD}.Release|Any CPU.ActiveCfg = Release|Any CPU
		{AF092FBC-4D6A-41D4-8564-FA3D8877F3CD}.Release|Any CPU.Build.0 = Release|Any CPU
	EndGlobalSection
	GlobalSection(SolutionProperties) = preSolution
		HideSolutionNode = FALSE
	EndGlobalSection
	GlobalSection(NestedProjects) = preSolution
		{C298CA64-E06B-497C-A3C2-B65D45E0FA57} = {41209BD9-B830-4027-AAE4-D7B2BA226397}
		{F563CB44-C054-4D9C-92F0-E653B2C79925} = {C298CA64-E06B-497C-A3C2-B65D45E0FA57}
		{34F4BB73-EBBE-4921-A504-B67991646601} = {41209BD9-B830-4027-AAE4-D7B2BA226397}
		{545D2807-5D58-404D-A63B-C72FCA1E69D3} = {34F4BB73-EBBE-4921-A504-B67991646601}
		{AFA6CF8F-53B2-4C0D-A83D-26DF083BB8F1} = {41209BD9-B830-4027-AAE4-D7B2BA226397}
		{6D3E8E33-711B-418B-97A7-C564CC37191B} = {AFA6CF8F-53B2-4C0D-A83D-26DF083BB8F1}
		{AF8945B6-F10A-47A6-8B9F-D4135DAB538D} = {AFA6CF8F-53B2-4C0D-A83D-26DF083BB8F1}
		{0DD3462C-2EEF-4376-9B3E-7B28E648746F} = {41209BD9-B830-4027-AAE4-D7B2BA226397}
		{E6EC07FE-09AA-46D0-9707-986B4FC107B2} = {0DD3462C-2EEF-4376-9B3E-7B28E648746F}
		{E42CBE77-D527-4FCF-B53E-5533FFA9EB44} = {0DD3462C-2EEF-4376-9B3E-7B28E648746F}
		{2F9FBE77-30E5-47D3-9CF1-AD6431E2B6B5} = {0DD3462C-2EEF-4376-9B3E-7B28E648746F}
		{AF092FBC-4D6A-41D4-8564-FA3D8877F3CD} = {0DD3462C-2EEF-4376-9B3E-7B28E648746F}
	EndGlobalSection
	GlobalSection(ExtensibilityGlobals) = postSolution
		SolutionGuid = {D2FC9C7B-5248-4CDC-8C7E-DE1D2BBE83F6}
	EndGlobalSection
EndGlobal
